
Microsoft Visual Studio Solution File, Format Version 12.00
# Visual Studio Version 16
VisualStudioVersion = 16.0.31205.134
MinimumVisualStudioVersion = 10.0.40219.1
Project("{FAE04EC0-301F-11D3-BF4B-00C04F79EFBC}") = "Freelance-system", "Freelance-system\Freelance-system.csproj", "{AF7F9D37-20F2-4D6C-985B-CC65E7595B2B}"
EndProject
Global
	GlobalSection(SolutionConfigurationPlatforms) = preSolution
		Debug|Any CPU = Debug|Any CPU
		Release|Any CPU = Release|Any CPU
	EndGlobalSection
	GlobalSection(ProjectConfigurationPlatforms) = postSolution
		{AF7F9D37-20F2-4D6C-985B-CC65E7595B2B}.Debug|Any CPU.ActiveCfg = Debug|Any CPU
		{AF7F9D37-20F2-4D6C-985B-CC65E7595B2B}.Debug|Any CPU.Build.0 = Debug|Any CPU
		{AF7F9D37-20F2-4D6C-985B-CC65E7595B2B}.Release|Any CPU.ActiveCfg = Release|Any CPU
		{AF7F9D37-20F2-4D6C-985B-CC65E7595B2B}.Release|Any CPU.Build.0 = Release|Any CPU
	EndGlobalSection
	GlobalSection(SolutionProperties) = preSolution
		HideSolutionNode = FALSE
	EndGlobalSection
	GlobalSection(ExtensibilityGlobals) = postSolution
		SolutionGuid = {585FF7C4-AC52-494A-AEC0-AF2E04E18949}
	EndGlobalSection
EndGlobal
